
Microsoft Visual Studio Solution File, Format Version 12.00
# Visual Studio Version 17
VisualStudioVersion = 17.0.31903.59
MinimumVisualStudioVersion = 10.0.40219.1
Project("{2150E333-8FDC-42A3-9474-1A3956D46DE8}") = "src", "src", "{827E0CD3-B72D-47B6-A68D-7590B98EB39B}"
EndProject
Project("{F2A71F9B-5D33-465A-A702-920D77279786}") = "GeneticAlgorithms", "src\GeneticAlgorithms\GeneticAlgorithms.fsproj", "{C72C15D2-A0F4-4A96-9B1F-99475A54119E}"
EndProject
Project("{2150E333-8FDC-42A3-9474-1A3956D46DE8}") = "tests", "tests", "{0AB3BF05-4346-4AA6-1389-037BE0695223}"
EndProject
Project("{F2A71F9B-5D33-465A-A702-920D77279786}") = "GeneticAlgorithms.Tests", "tests\GeneticAlgorithms.Tests\GeneticAlgorithms.Tests.fsproj", "{A0AFDBD4-8360-4404-9341-E7A380B1753F}"
EndProject
Project("{9A19103F-16F7-4668-BE54-9A1E7A4F7556}") = "GeneticAlgorithms.CSharpSmoke", "tests\GeneticAlgorithms.CSharpSmoke\GeneticAlgorithms.CSharpSmoke.csproj", "{853C5ED1-0F17-4F9A-A373-CFA6B861FB38}"
EndProject
Project("{2150E333-8FDC-42A3-9474-1A3956D46DE8}") = "examples", "examples", "{B36A84DF-456D-A817-6EDD-3EC3E7F6E11F}"
EndProject
Project("{F2A71F9B-5D33-465A-A702-920D77279786}") = "OneMaxProblem", "examples\OneMaxProblem\fsharp\OneMaxProblem.fsproj", "{1B2DC475-1E51-47E7-940A-6D3E2B49987E}"
EndProject
Project("{9A19103F-16F7-4668-BE54-9A1E7A4F7556}") = "OneMaxProblem.CSharp", "examples\OneMaxProblem\csharp\OneMaxProblem.CSharp.csproj", "{4F61693C-0B0C-4830-A099-E71A68E1A321}"
EndProject
Project("{F2A71F9B-5D33-465A-A702-920D77279786}") = "HelloWorld", "examples\HelloWorld\fsharp\HelloWorld.fsproj", "{C5B3BD3F-F419-4BD3-9248-1F6426A531A8}"
EndProject
Project("{9A19103F-16F7-4668-BE54-9A1E7A4F7556}") = "HelloWorld.CSharp", "examples\HelloWorld\csharp\HelloWorld.CSharp.csproj", "{B5E8B06C-799A-49EA-A4E8-C8DB7D3B48FF}"
EndProject
Project("{F2A71F9B-5D33-465A-A702-920D77279786}") = "Knapsack", "examples\Knapsack\fsharp\Knapsack.fsproj", "{67E07156-3B52-423E-BF3B-8B0215A72481}"
EndProject
Project("{9A19103F-16F7-4668-BE54-9A1E7A4F7556}") = "Knapsack.CSharp", "examples\Knapsack\csharp\Knapsack.CSharp.csproj", "{D0DA2B8F-A8D2-4514-B261-4D824D402A0A}"
EndProject
Project("{F2A71F9B-5D33-465A-A702-920D77279786}") = "MultipleObjectives", "examples\MultipleObjectives\fsharp\MultipleObjectives.fsproj", "{74C19A25-3364-47D8-B711-592D90D21D10}"
EndProject
Project("{F2A71F9B-5D33-465A-A702-920D77279786}") = "NQueens", "examples\NQueens\fsharp\NQueens.fsproj", "{AF25BA28-F4F4-42DC-98AB-068D17C94E13}"
EndProject
Project("{9A19103F-16F7-4668-BE54-9A1E7A4F7556}") = "NQueens.CSharp", "examples\NQueens\csharp\NQueens.CSharp.csproj", "{1A24C71D-6BD8-4F2B-8E79-8DDE691BB572}"
EndProject
Project("{F2A71F9B-5D33-465A-A702-920D77279786}") = "CodeBreaker", "examples\CodeBreaker\fsharp\CodeBreaker.fsproj", "{03419676-4BF9-46D1-BB0A-2889E03F46CF}"
EndProject
Project("{9A19103F-16F7-4668-BE54-9A1E7A4F7556}") = "CodeBreaker.CSharp", "examples\CodeBreaker\csharp\CodeBreaker.CSharp.csproj", "{34C7AD16-87B0-4E71-8DA0-61DE16FA6478}"
EndProject
Global
	GlobalSection(SolutionConfigurationPlatforms) = preSolution
		Debug|Any CPU = Debug|Any CPU
		Debug|x64 = Debug|x64
		Debug|x86 = Debug|x86
		Release|Any CPU = Release|Any CPU
		Release|x64 = Release|x64
		Release|x86 = Release|x86
	EndGlobalSection
	GlobalSection(ProjectConfigurationPlatforms) = postSolution
		{C72C15D2-A0F4-4A96-9B1F-99475A54119E}.Debug|Any CPU.ActiveCfg = Debug|Any CPU
		{C72C15D2-A0F4-4A96-9B1F-99475A54119E}.Debug|Any CPU.Build.0 = Debug|Any CPU
		{C72C15D2-A0F4-4A96-9B1F-99475A54119E}.Debug|x64.ActiveCfg = Debug|Any CPU
		{C72C15D2-A0F4-4A96-9B1F-99475A54119E}.Debug|x64.Build.0 = Debug|Any CPU
		{C72C15D2-A0F4-4A96-9B1F-99475A54119E}.Debug|x86.ActiveCfg = Debug|Any CPU
		{C72C15D2-A0F4-4A96-9B1F-99475A54119E}.Debug|x86.Build.0 = Debug|Any CPU
		{C72C15D2-A0F4-4A96-9B1F-99475A54119E}.Release|Any CPU.ActiveCfg = Release|Any CPU
		{C72C15D2-A0F4-4A96-9B1F-99475A54119E}.Release|Any CPU.Build.0 = Release|Any CPU
		{C72C15D2-A0F4-4A96-9B1F-99475A54119E}.Release|x64.ActiveCfg = Release|Any CPU
		{C72C15D2-A0F4-4A96-9B1F-99475A54119E}.Release|x64.Build.0 = Release|Any CPU
		{C72C15D2-A0F4-4A96-9B1F-99475A54119E}.Release|x86.ActiveCfg = Release|Any CPU
		{C72C15D2-A0F4-4A96-9B1F-99475A54119E}.Release|x86.Build.0 = Release|Any CPU
		{A0AFDBD4-8360-4404-9341-E7A380B1753F}.Debug|Any CPU.ActiveCfg = Debug|Any CPU
		{A0AFDBD4-8360-4404-9341-E7A380B1753F}.Debug|Any CPU.Build.0 = Debug|Any CPU
		{A0AFDBD4-8360-4404-9341-E7A380B1753F}.Debug|x64.ActiveCfg = Debug|Any CPU
		{A0AFDBD4-8360-4404-9341-E7A380B1753F}.Debug|x64.Build.0 = Debug|Any CPU
		{A0AFDBD4-8360-4404-9341-E7A380B1753F}.Debug|x86.ActiveCfg = Debug|Any CPU
		{A0AFDBD4-8360-4404-9341-E7A380B1753F}.Debug|x86.Build.0 = Debug|Any CPU
		{A0AFDBD4-8360-4404-9341-E7A380B1753F}.Release|Any CPU.ActiveCfg = Release|Any CPU
		{A0AFDBD4-8360-4404-9341-E7A380B1753F}.Release|Any CPU.Build.0 = Release|Any CPU
		{A0AFDBD4-8360-4404-9341-E7A380B1753F}.Release|x64.ActiveCfg = Release|Any CPU
		{A0AFDBD4-8360-4404-9341-E7A380B1753F}.Release|x64.Build.0 = Release|Any CPU
		{A0AFDBD4-8360-4404-9341-E7A380B1753F}.Release|x86.ActiveCfg = Release|Any CPU
		{A0AFDBD4-8360-4404-9341-E7A380B1753F}.Release|x86.Build.0 = Release|Any CPU
		{853C5ED1-0F17-4F9A-A373-CFA6B861FB38}.Debug|Any CPU.ActiveCfg = Debug|Any CPU
		{853C5ED1-0F17-4F9A-A373-CFA6B861FB38}.Debug|Any CPU.Build.0 = Debug|Any CPU
		{853C5ED1-0F17-4F9A-A373-CFA6B861FB38}.Debug|x64.ActiveCfg = Debug|Any CPU
		{853C5ED1-0F17-4F9A-A373-CFA6B861FB38}.Debug|x64.Build.0 = Debug|Any CPU
		{853C5ED1-0F17-4F9A-A373-CFA6B861FB38}.Debug|x86.ActiveCfg = Debug|Any CPU
		{853C5ED1-0F17-4F9A-A373-CFA6B861FB38}.Debug|x86.Build.0 = Debug|Any CPU
		{853C5ED1-0F17-4F9A-A373-CFA6B861FB38}.Release|Any CPU.ActiveCfg = Release|Any CPU
		{853C5ED1-0F17-4F9A-A373-CFA6B861FB38}.Release|Any CPU.Build.0 = Release|Any CPU
		{853C5ED1-0F17-4F9A-A373-CFA6B861FB38}.Release|x64.ActiveCfg = Release|Any CPU
		{853C5ED1-0F17-4F9A-A373-CFA6B861FB38}.Release|x64.Build.0 = Release|Any CPU
		{853C5ED1-0F17-4F9A-A373-CFA6B861FB38}.Release|x86.ActiveCfg = Release|Any CPU
		{853C5ED1-0F17-4F9A-A373-CFA6B861FB38}.Release|x86.Build.0 = Release|Any CPU
		{1B2DC475-1E51-47E7-940A-6D3E2B49987E}.Debug|Any CPU.ActiveCfg = Debug|Any CPU
		{1B2DC475-1E51-47E7-940A-6D3E2B49987E}.Debug|Any CPU.Build.0 = Debug|Any CPU
		{1B2DC475-1E51-47E7-940A-6D3E2B49987E}.Debug|x64.ActiveCfg = Debug|Any CPU
		{1B2DC475-1E51-47E7-940A-6D3E2B49987E}.Debug|x64.Build.0 = Debug|Any CPU
		{1B2DC475-1E51-47E7-940A-6D3E2B49987E}.Debug|x86.ActiveCfg = Debug|Any CPU
		{1B2DC475-1E51-47E7-940A-6D3E2B49987E}.Debug|x86.Build.0 = Debug|Any CPU
		{1B2DC475-1E51-47E7-940A-6D3E2B49987E}.Release|Any CPU.ActiveCfg = Release|Any CPU
		{1B2DC475-1E51-47E7-940A-6D3E2B49987E}.Release|Any CPU.Build.0 = Release|Any CPU
		{1B2DC475-1E51-47E7-940A-6D3E2B49987E}.Release|x64.ActiveCfg = Release|Any CPU
		{1B2DC475-1E51-47E7-940A-6D3E2B49987E}.Release|x64.Build.0 = Release|Any CPU
		{1B2DC475-1E51-47E7-940A-6D3E2B49987E}.Release|x86.ActiveCfg = Release|Any CPU
		{1B2DC475-1E51-47E7-940A-6D3E2B49987E}.Release|x86.Build.0 = Release|Any CPU
		{4F61693C-0B0C-4830-A099-E71A68E1A321}.Debug|Any CPU.ActiveCfg = Debug|Any CPU
		{4F61693C-0B0C-4830-A099-E71A68E1A321}.Debug|Any CPU.Build.0 = Debug|Any CPU
		{4F61693C-0B0C-4830-A099-E71A68E1A321}.Debug|x64.ActiveCfg = Debug|Any CPU
		{4F61693C-0B0C-4830-A099-E71A68E1A321}.Debug|x64.Build.0 = Debug|Any CPU
		{4F61693C-0B0C-4830-A099-E71A68E1A321}.Debug|x86.ActiveCfg = Debug|Any CPU
		{4F61693C-0B0C-4830-A099-E71A68E1A321}.Debug|x86.Build.0 = Debug|Any CPU
		{4F61693C-0B0C-4830-A099-E71A68E1A321}.Release|Any CPU.ActiveCfg = Release|Any CPU
		{4F61693C-0B0C-4830-A099-E71A68E1A321}.Release|Any CPU.Build.0 = Release|Any CPU
		{4F61693C-0B0C-4830-A099-E71A68E1A321}.Release|x64.ActiveCfg = Release|Any CPU
		{4F61693C-0B0C-4830-A099-E71A68E1A321}.Release|x64.Build.0 = Release|Any CPU
		{4F61693C-0B0C-4830-A099-E71A68E1A321}.Release|x86.ActiveCfg = Release|Any CPU
		{4F61693C-0B0C-4830-A099-E71A68E1A321}.Release|x86.Build.0 = Release|Any CPU
		{C5B3BD3F-F419-4BD3-9248-1F6426A531A8}.Debug|Any CPU.ActiveCfg = Debug|Any CPU
		{C5B3BD3F-F419-4BD3-9248-1F6426A531A8}.Debug|Any CPU.Build.0 = Debug|Any CPU
		{C5B3BD3F-F419-4BD3-9248-1F6426A531A8}.Debug|x64.ActiveCfg = Debug|Any CPU
		{C5B3BD3F-F419-4BD3-9248-1F6426A531A8}.Debug|x64.Build.0 = Debug|Any CPU
		{C5B3BD3F-F419-4BD3-9248-1F6426A531A8}.Debug|x86.ActiveCfg = Debug|Any CPU
		{C5B3BD3F-F419-4BD3-9248-1F6426A531A8}.Debug|x86.Build.0 = Debug|Any CPU
		{C5B3BD3F-F419-4BD3-9248-1F6426A531A8}.Release|Any CPU.ActiveCfg = Release|Any CPU
		{C5B3BD3F-F419-4BD3-9248-1F6426A531A8}.Release|Any CPU.Build.0 = Release|Any CPU
		{C5B3BD3F-F419-4BD3-9248-1F6426A531A8}.Release|x64.ActiveCfg = Release|Any CPU
		{C5B3BD3F-F419-4BD3-9248-1F6426A531A8}.Release|x64.Build.0 = Release|Any CPU
		{C5B3BD3F-F419-4BD3-9248-1F6426A531A8}.Release|x86.ActiveCfg = Release|Any CPU
		{C5B3BD3F-F419-4BD3-9248-1F6426A531A8}.Release|x86.Build.0 = Release|Any CPU
		{B5E8B06C-799A-49EA-A4E8-C8DB7D3B48FF}.Debug|Any CPU.ActiveCfg = Debug|Any CPU
		{B5E8B06C-799A-49EA-A4E8-C8DB7D3B48FF}.Debug|Any CPU.Build.0 = Debug|Any CPU
		{B5E8B06C-799A-49EA-A4E8-C8DB7D3B48FF}.Debug|x64.ActiveCfg = Debug|Any CPU
		{B5E8B06C-799A-49EA-A4E8-C8DB7D3B48FF}.Debug|x64.Build.0 = Debug|Any CPU
		{B5E8B06C-799A-49EA-A4E8-C8DB7D3B48FF}.Debug|x86.ActiveCfg = Debug|Any CPU
		{B5E8B06C-799A-49EA-A4E8-C8DB7D3B48FF}.Debug|x86.Build.0 = Debug|Any CPU
		{B5E8B06C-799A-49EA-A4E8-C8DB7D3B48FF}.Release|Any CPU.ActiveCfg = Release|Any CPU
		{B5E8B06C-799A-49EA-A4E8-C8DB7D3B48FF}.Release|Any CPU.Build.0 = Release|Any CPU
		{B5E8B06C-799A-49EA-A4E8-C8DB7D3B48FF}.Release|x64.ActiveCfg = Release|Any CPU
		{B5E8B06C-799A-49EA-A4E8-C8DB7D3B48FF}.Release|x64.Build.0 = Release|Any CPU
		{B5E8B06C-799A-49EA-A4E8-C8DB7D3B48FF}.Release|x86.ActiveCfg = Release|Any CPU
		{B5E8B06C-799A-49EA-A4E8-C8DB7D3B48FF}.Release|x86.Build.0 = Release|Any CPU
		{67E07156-3B52-423E-BF3B-8B0215A72481}.Debug|Any CPU.ActiveCfg = Debug|Any CPU
		{67E07156-3B52-423E-BF3B-8B0215A72481}.Debug|Any CPU.Build.0 = Debug|Any CPU
		{67E07156-3B52-423E-BF3B-8B0215A72481}.Debug|x64.ActiveCfg = Debug|Any CPU
		{67E07156-3B52-423E-BF3B-8B0215A72481}.Debug|x64.Build.0 = Debug|Any CPU
		{67E07156-3B52-423E-BF3B-8B0215A72481}.Debug|x86.ActiveCfg = Debug|Any CPU
		{67E07156-3B52-423E-BF3B-8B0215A72481}.Debug|x86.Build.0 = Debug|Any CPU
		{67E07156-3B52-423E-BF3B-8B0215A72481}.Release|Any CPU.ActiveCfg = Release|Any CPU
		{67E07156-3B52-423E-BF3B-8B0215A72481}.Release|Any CPU.Build.0 = Release|Any CPU
		{67E07156-3B52-423E-BF3B-8B0215A72481}.Release|x64.ActiveCfg = Release|Any CPU
		{67E07156-3B52-423E-BF3B-8B0215A72481}.Release|x64.Build.0 = Release|Any CPU
		{67E07156-3B52-423E-BF3B-8B0215A72481}.Release|x86.ActiveCfg = Release|Any CPU
		{67E07156-3B52-423E-BF3B-8B0215A72481}.Release|x86.Build.0 = Release|Any CPU
		{D0DA2B8F-A8D2-4514-B261-4D824D402A0A}.Debug|Any CPU.ActiveCfg = Debug|Any CPU
		{D0DA2B8F-A8D2-4514-B261-4D824D402A0A}.Debug|Any CPU.Build.0 = Debug|Any CPU
		{D0DA2B8F-A8D2-4514-B261-4D824D402A0A}.Debug|x64.ActiveCfg = Debug|Any CPU
		{D0DA2B8F-A8D2-4514-B261-4D824D402A0A}.Debug|x64.Build.0 = Debug|Any CPU
		{D0DA2B8F-A8D2-4514-B261-4D824D402A0A}.Debug|x86.ActiveCfg = Debug|Any CPU
		{D0DA2B8F-A8D2-4514-B261-4D824D402A0A}.Debug|x86.Build.0 = Debug|Any CPU
		{D0DA2B8F-A8D2-4514-B261-4D824D402A0A}.Release|Any CPU.ActiveCfg = Release|Any CPU
		{D0DA2B8F-A8D2-4514-B261-4D824D402A0A}.Release|Any CPU.Build.0 = Release|Any CPU
		{D0DA2B8F-A8D2-4514-B261-4D824D402A0A}.Release|x64.ActiveCfg = Release|Any CPU
		{D0DA2B8F-A8D2-4514-B261-4D824D402A0A}.Release|x64.Build.0 = Release|Any CPU
		{D0DA2B8F-A8D2-4514-B261-4D824D402A0A}.Release|x86.ActiveCfg = Release|Any CPU
		{D0DA2B8F-A8D2-4514-B261-4D824D402A0A}.Release|x86.Build.0 = Release|Any CPU
		{74C19A25-3364-47D8-B711-592D90D21D10}.Debug|Any CPU.ActiveCfg = Debug|Any CPU
		{74C19A25-3364-47D8-B711-592D90D21D10}.Debug|Any CPU.Build.0 = Debug|Any CPU
		{74C19A25-3364-47D8-B711-592D90D21D10}.Debug|x64.ActiveCfg = Debug|Any CPU
		{74C19A25-3364-47D8-B711-592D90D21D10}.Debug|x64.Build.0 = Debug|Any CPU
		{74C19A25-3364-47D8-B711-592D90D21D10}.Debug|x86.ActiveCfg = Debug|Any CPU
		{74C19A25-3364-47D8-B711-592D90D21D10}.Debug|x86.Build.0 = Debug|Any CPU
		{74C19A25-3364-47D8-B711-592D90D21D10}.Release|Any CPU.ActiveCfg = Release|Any CPU
		{74C19A25-3364-47D8-B711-592D90D21D10}.Release|Any CPU.Build.0 = Release|Any CPU
		{74C19A25-3364-47D8-B711-592D90D21D10}.Release|x64.ActiveCfg = Release|Any CPU
		{74C19A25-3364-47D8-B711-592D90D21D10}.Release|x64.Build.0 = Release|Any CPU
		{74C19A25-3364-47D8-B711-592D90D21D10}.Release|x86.ActiveCfg = Release|Any CPU
		{74C19A25-3364-47D8-B711-592D90D21D10}.Release|x86.Build.0 = Release|Any CPU
		{AF25BA28-F4F4-42DC-98AB-068D17C94E13}.Debug|Any CPU.ActiveCfg = Debug|Any CPU
		{AF25BA28-F4F4-42DC-98AB-068D17C94E13}.Debug|Any CPU.Build.0 = Debug|Any CPU
		{AF25BA28-F4F4-42DC-98AB-068D17C94E13}.Debug|x64.ActiveCfg = Debug|Any CPU
		{AF25BA28-F4F4-42DC-98AB-068D17C94E13}.Debug|x64.Build.0 = Debug|Any CPU
		{AF25BA28-F4F4-42DC-98AB-068D17C94E13}.Debug|x86.ActiveCfg = Debug|Any CPU
		{AF25BA28-F4F4-42DC-98AB-068D17C94E13}.Debug|x86.Build.0 = Debug|Any CPU
		{AF25BA28-F4F4-42DC-98AB-068D17C94E13}.Release|Any CPU.ActiveCfg = Release|Any CPU
		{AF25BA28-F4F4-42DC-98AB-068D17C94E13}.Release|Any CPU.Build.0 = Release|Any CPU
		{AF25BA28-F4F4-42DC-98AB-068D17C94E13}.Release|x64.ActiveCfg = Release|Any CPU
		{AF25BA28-F4F4-42DC-98AB-068D17C94E13}.Release|x64.Build.0 = Release|Any CPU
		{AF25BA28-F4F4-42DC-98AB-068D17C94E13}.Release|x86.ActiveCfg = Release|Any CPU
		{AF25BA28-F4F4-42DC-98AB-068D17C94E13}.Release|x86.Build.0 = Release|Any CPU
		{1A24C71D-6BD8-4F2B-8E79-8DDE691BB572}.Debug|Any CPU.ActiveCfg = Debug|Any CPU
		{1A24C71D-6BD8-4F2B-8E79-8DDE691BB572}.Debug|Any CPU.Build.0 = Debug|Any CPU
		{1A24C71D-6BD8-4F2B-8E79-8DDE691BB572}.Debug|x64.ActiveCfg = Debug|Any CPU
		{1A24C71D-6BD8-4F2B-8E79-8DDE691BB572}.Debug|x64.Build.0 = Debug|Any CPU
		{1A24C71D-6BD8-4F2B-8E79-8DDE691BB572}.Debug|x86.ActiveCfg = Debug|Any CPU
		{1A24C71D-6BD8-4F2B-8E79-8DDE691BB572}.Debug|x86.Build.0 = Debug|Any CPU
		{1A24C71D-6BD8-4F2B-8E79-8DDE691BB572}.Release|Any CPU.ActiveCfg = Release|Any CPU
		{1A24C71D-6BD8-4F2B-8E79-8DDE691BB572}.Release|Any CPU.Build.0 = Release|Any CPU
		{1A24C71D-6BD8-4F2B-8E79-8DDE691BB572}.Release|x64.ActiveCfg = Release|Any CPU
		{1A24C71D-6BD8-4F2B-8E79-8DDE691BB572}.Release|x64.Build.0 = Release|Any CPU
		{1A24C71D-6BD8-4F2B-8E79-8DDE691BB572}.Release|x86.ActiveCfg = Release|Any CPU
		{1A24C71D-6BD8-4F2B-8E79-8DDE691BB572}.Release|x86.Build.0 = Release|Any CPU
		{03419676-4BF9-46D1-BB0A-2889E03F46CF}.Debug|Any CPU.ActiveCfg = Debug|Any CPU
		{03419676-4BF9-46D1-BB0A-2889E03F46CF}.Debug|Any CPU.Build.0 = Debug|Any CPU
		{03419676-4BF9-46D1-BB0A-2889E03F46CF}.Debug|x64.ActiveCfg = Debug|Any CPU
		{03419676-4BF9-46D1-BB0A-2889E03F46CF}.Debug|x64.Build.0 = Debug|Any CPU
		{03419676-4BF9-46D1-BB0A-2889E03F46CF}.Debug|x86.ActiveCfg = Debug|Any CPU
		{03419676-4BF9-46D1-BB0A-2889E03F46CF}.Debug|x86.Build.0 = Debug|Any CPU
		{03419676-4BF9-46D1-BB0A-2889E03F46CF}.Release|Any CPU.ActiveCfg = Release|Any CPU
		{03419676-4BF9-46D1-BB0A-2889E03F46CF}.Release|Any CPU.Build.0 = Release|Any CPU
		{03419676-4BF9-46D1-BB0A-2889E03F46CF}.Release|x64.ActiveCfg = Release|Any CPU
		{03419676-4BF9-46D1-BB0A-2889E03F46CF}.Release|x64.Build.0 = Release|Any CPU
		{03419676-4BF9-46D1-BB0A-2889E03F46CF}.Release|x86.ActiveCfg = Release|Any CPU
		{03419676-4BF9-46D1-BB0A-2889E03F46CF}.Release|x86.Build.0 = Release|Any CPU
		{34C7AD16-87B0-4E71-8DA0-61DE16FA6478}.Debug|Any CPU.ActiveCfg = Debug|Any CPU
		{34C7AD16-87B0-4E71-8DA0-61DE16FA6478}.Debug|Any CPU.Build.0 = Debug|Any CPU
		{34C7AD16-87B0-4E71-8DA0-61DE16FA6478}.Debug|x64.ActiveCfg = Debug|Any CPU
		{34C7AD16-87B0-4E71-8DA0-61DE16FA6478}.Debug|x64.Build.0 = Debug|Any CPU
		{34C7AD16-87B0-4E71-8DA0-61DE16FA6478}.Debug|x86.ActiveCfg = Debug|Any CPU
		{34C7AD16-87B0-4E71-8DA0-61DE16FA6478}.Debug|x86.Build.0 = Debug|Any CPU
		{34C7AD16-87B0-4E71-8DA0-61DE16FA6478}.Release|Any CPU.ActiveCfg = Release|Any CPU
		{34C7AD16-87B0-4E71-8DA0-61DE16FA6478}.Release|Any CPU.Build.0 = Release|Any CPU
		{34C7AD16-87B0-4E71-8DA0-61DE16FA6478}.Release|x64.ActiveCfg = Release|Any CPU
		{34C7AD16-87B0-4E71-8DA0-61DE16FA6478}.Release|x64.Build.0 = Release|Any CPU
		{34C7AD16-87B0-4E71-8DA0-61DE16FA6478}.Release|x86.ActiveCfg = Release|Any CPU
		{34C7AD16-87B0-4E71-8DA0-61DE16FA6478}.Release|x86.Build.0 = Release|Any CPU
	EndGlobalSection
	GlobalSection(SolutionProperties) = preSolution
		HideSolutionNode = FALSE
	EndGlobalSection
	GlobalSection(NestedProjects) = preSolution
		{C72C15D2-A0F4-4A96-9B1F-99475A54119E} = {827E0CD3-B72D-47B6-A68D-7590B98EB39B}
		{A0AFDBD4-8360-4404-9341-E7A380B1753F} = {0AB3BF05-4346-4AA6-1389-037BE0695223}
		{853C5ED1-0F17-4F9A-A373-CFA6B861FB38} = {0AB3BF05-4346-4AA6-1389-037BE0695223}
		{1B2DC475-1E51-47E7-940A-6D3E2B49987E} = {B36A84DF-456D-A817-6EDD-3EC3E7F6E11F}
		{4F61693C-0B0C-4830-A099-E71A68E1A321} = {B36A84DF-456D-A817-6EDD-3EC3E7F6E11F}
		{C5B3BD3F-F419-4BD3-9248-1F6426A531A8} = {B36A84DF-456D-A817-6EDD-3EC3E7F6E11F}
		{B5E8B06C-799A-49EA-A4E8-C8DB7D3B48FF} = {B36A84DF-456D-A817-6EDD-3EC3E7F6E11F}
		{67E07156-3B52-423E-BF3B-8B0215A72481} = {B36A84DF-456D-A817-6EDD-3EC3E7F6E11F}
		{D0DA2B8F-A8D2-4514-B261-4D824D402A0A} = {B36A84DF-456D-A817-6EDD-3EC3E7F6E11F}
		{74C19A25-3364-47D8-B711-592D90D21D10} = {B36A84DF-456D-A817-6EDD-3EC3E7F6E11F}
		{AF25BA28-F4F4-42DC-98AB-068D17C94E13} = {B36A84DF-456D-A817-6EDD-3EC3E7F6E11F}
		{1A24C71D-6BD8-4F2B-8E79-8DDE691BB572} = {B36A84DF-456D-A817-6EDD-3EC3E7F6E11F}
		{03419676-4BF9-46D1-BB0A-2889E03F46CF} = {B36A84DF-456D-A817-6EDD-3EC3E7F6E11F}
		{34C7AD16-87B0-4E71-8DA0-61DE16FA6478} = {B36A84DF-456D-A817-6EDD-3EC3E7F6E11F}
	EndGlobalSection
EndGlobal
